PODS:
  - Alamofire (4.0.1)
  - Digits (2.5.0):
    - TwitterCore (= 2.5.0)
  - Fabric (1.6.9)
  - SVProgressHUD (2.0.3)
  - SwiftyJSON (3.1.0)
  - TwitterCore (2.5.0):
    - Fabric

DEPENDENCIES:
  - Alamofire (~> 4.0)
  - Digits
  - Fabric
  - SVProgressHUD
  - SwiftyJSON

SPEC CHECKSUMS:
  Alamofire: 7682d43245de14874acd142ec137b144aa1dd335
  Digits: c69ee2d1a6acf728c5d159f1bd335e4882bd3225
  Fabric: bc5bec42cef4bcf1ee3ce0e218fc518e4b44dfbb
  SVProgressHUD: b0830714205bea1317ea1a2ebc71e5633af334d4
  SwiftyJSON: 29b9f2a64f118c07e691667c2ba1efe536acfe0b
  TwitterCore: 95c46af93112768a7983bd370d66023553601d01

PODFILE CHECKSUM: 671fe09a72cc019c68a2e85bf038bf368c468dc3

COCOAPODS: 1.0.1
